{"filter":false,"title":"package-lock.json","tooltip":"/9-forkify/package-lock.json","undoManager":{"mark":-1,"position":-1,"stack":[]},"ace":{"folds":[],"scrolltop":0,"scrollleft":0,"selection":{"start":{"row":0,"column":0},"end":{"row":0,"column":0},"isBackwards":false},"options":{"guessTabSize":true,"useWrapMode":false,"wrapToView":true},"firstLineState":{"row":340,"state":"start","mode":"ace/mode/json"}},"timestamp":1550886693199,"hash":"e7937c2c800daced8c0bcbc4f9373efde9ea42cd"}